
Microsoft Visual Studio Solution File, Format Version 12.00
# Visual Studio Version 16
VisualStudioVersion = 16.0.30804.86
MinimumVisualStudioVersion = 10.0.40219.1
Project("{FAE04EC0-301F-11D3-BF4B-00C04F79EFBC}") = "MVVMWatch", "MVVMWatch\MVVMWatch.csproj", "{82B037D8-2FD7-4A97-B024-AF2A0848C09B}"
EndProject
Global
	GlobalSection(SolutionConfigurationPlatforms) = preSolution
		Debug|Any CPU = Debug|Any CPU
		Release|Any CPU = Release|Any CPU
	EndGlobalSection
	GlobalSection(ProjectConfigurationPlatforms) = postSolution
		{82B037D8-2FD7-4A97-B024-AF2A0848C09B}.Debug|Any CPU.ActiveCfg = Debug|Any CPU
		{82B037D8-2FD7-4A97-B024-AF2A0848C09B}.Debug|Any CPU.Build.0 = Debug|Any CPU
		{82B037D8-2FD7-4A97-B024-AF2A0848C09B}.Release|Any CPU.ActiveCfg = Release|Any CPU
		{82B037D8-2FD7-4A97-B024-AF2A0848C09B}.Release|Any CPU.Build.0 = Release|Any CPU
	EndGlobalSection
	GlobalSection(SolutionProperties) = preSolution
		HideSolutionNode = FALSE
	EndGlobalSection
	GlobalSection(ExtensibilityGlobals) = postSolution
		SolutionGuid = {B831FDFD-6E96-4B73-8FA4-B06C6C85601A}
	EndGlobalSection
EndGlobal
